// !$*UTF8*$!
{
	archiveVersion = 1;
	classes = {
	};
	objectVersion = 52;
	objects = {

/* Begin PBXBuildFile section */
		322F77782625F1CB0050853A /* MyListsCell.swift in Sources */ = {isa = PBXBuildFile; fileRef = 322F77772625F1CB0050853A /* MyListsCell.swift */; };
		323310D62624AA43005BA3C2 /* ReminderTypeCell.swift in Sources */ = {isa = PBXBuildFile; fileRef = 323310D52624AA43005BA3C2 /* ReminderTypeCell.swift */; };
		3293A1E126249B1F004DABDE /* AppDelegate.swift in Sources */ = {isa = PBXBuildFile; fileRef = 3293A1E026249B1F004DABDE /* AppDelegate.swift */; };
		3293A1E326249B1F004DABDE /* SceneDelegate.swift in Sources */ = {isa = PBXBuildFile; fileRef = 3293A1E226249B1F004DABDE /* SceneDelegate.swift */; };
		3293A1E726249B1F004DABDE /* Assets.xcassets in Resources */ = {isa = PBXBuildFile; fileRef = 3293A1E626249B1F004DABDE /* Assets.xcassets */; };
		3293A1EA26249B1F004DABDE /* Preview Assets.xcassets in Resources */ = {isa = PBXBuildFile; fileRef = 3293A1E926249B1F004DABDE /* Preview Assets.xcassets */; };
		3293A1ED26249B1F004DABDE /* LaunchScreen.storyboard in Resources */ = {isa = PBXBuildFile; fileRef = 3293A1EB26249B1F004DABDE /* LaunchScreen.storyboard */; };
		3293A1F726249B36004DABDE /* MainViewController.swift in Sources */ = {isa = PBXBuildFile; fileRef = 3293A1F626249B36004DABDE /* MainViewController.swift */; };
		6C278437262758D800CDA601 /* SnapKit in Frameworks */ = {isa = PBXBuildFile; productRef = 6C278436262758D800CDA601 /* SnapKit */; };
/* End PBXBuildFile section */

/* Begin PBXFileReference section */
		322F77772625F1CB0050853A /* MyListsCell.swift */ = {isa = PBXFileReference; lastKnownFileType = sourcecode.swift; path = MyListsCell.swift; sourceTree = "<group>"; };
		323310D52624AA43005BA3C2 /* ReminderTypeCell.swift */ = {isa = PBXFileReference; lastKnownFileType = sourcecode.swift; path = ReminderTypeCell.swift; sourceTree = "<group>"; };
		3293A1DD26249B1F004DABDE /* remindersApp.app */ = {isa = PBXFileReference; explicitFileType = wrapper.application; includeInIndex = 0; path = remindersApp.app; sourceTree = BUILT_PRODUCTS_DIR; };
		3293A1E026249B1F004DABDE /* AppDelegate.swift */ = {isa = PBXFileReference; lastKnownFileType = sourcecode.swift; path = AppDelegate.swift; sourceTree = "<group>"; };
		3293A1E226249B1F004DABDE /* SceneDelegate.swift */ = {isa = PBXFileReference; lastKnownFileType = sourcecode.swift; path = SceneDelegate.swift; sourceTree = "<group>"; };
		3293A1E626249B1F004DABDE /* Assets.xcassets */ = {isa = PBXFileReference; lastKnownFileType = folder.assetcatalog; path = Assets.xcassets; sourceTree = "<group>"; };
		3293A1E926249B1F004DABDE /* Preview Assets.xcassets */ = {isa = PBXFileReference; lastKnownFileType = folder.assetcatalog; path = "Preview Assets.xcassets"; sourceTree = "<group>"; };
		3293A1EC26249B1F004DABDE /* Base */ = {isa = PBXFileReference; lastKnownFileType = file.storyboard; name = Base; path = Base.lproj/LaunchScreen.storyboard; sourceTree = "<group>"; };
		3293A1EE26249B1F004DABDE /* Info.plist */ = {isa = PBXFileReference; lastKnownFileType = text.plist.xml; path = Info.plist; sourceTree = "<group>"; };
		3293A1F626249B36004DABDE /* MainViewController.swift */ = {isa = PBXFileReference; lastKnownFileType = sourcecode.swift; path = MainViewController.swift; sourceTree = "<group>"; };
/* End PBXFileReference section */

/* Begin PBXFrameworksBuildPhase section */
		3293A1DA26249B1F004DABDE /* Frameworks */ = {
			isa = PBXFrameworksBuildPhase;
			buildActionMask = 2147483647;
			files = (
				6C278437262758D800CDA601 /* SnapKit in Frameworks */,
			);
			runOnlyForDeploymentPostprocessing = 0;
		};
/* End PBXFrameworksBuildPhase section */

/* Begin PBXGroup section */
		323310CF2624AA1C005BA3C2 /* UI */ = {
			isa = PBXGroup;
			children = (
				323310D52624AA43005BA3C2 /* ReminderTypeCell.swift */,
				322F77772625F1CB0050853A /* MyListsCell.swift */,
			);
			path = UI;
			sourceTree = "<group>";
		};
		3293A1D426249B1F004DABDE = {
			isa = PBXGroup;
			children = (
				3293A1DF26249B1F004DABDE /* remindersApp */,
				3293A1DE26249B1F004DABDE /* Products */,
			);
			sourceTree = "<group>";
		};
		3293A1DE26249B1F004DABDE /* Products */ = {
			isa = PBXGroup;
			children = (
				3293A1DD26249B1F004DABDE /* remindersApp.app */,
			);
			name = Products;
			sourceTree = "<group>";
		};
		3293A1DF26249B1F004DABDE /* remindersApp */ = {
			isa = PBXGroup;
			children = (
				323310CF2624AA1C005BA3C2 /* UI */,
				3293A1E026249B1F004DABDE /* AppDelegate.swift */,
				3293A1F626249B36004DABDE /* MainViewController.swift */,
				3293A1E226249B1F004DABDE /* SceneDelegate.swift */,
				3293A1E626249B1F004DABDE /* Assets.xcassets */,
				3293A1EB26249B1F004DABDE /* LaunchScreen.storyboard */,
				3293A1EE26249B1F004DABDE /* Info.plist */,
				3293A1E826249B1F004DABDE /* Preview Content */,
			);
			path = remindersApp;
			sourceTree = "<group>";
		};
		3293A1E826249B1F004DABDE /* Preview Content */ = {
			isa = PBXGroup;
			children = (
				3293A1E926249B1F004DABDE /* Preview Assets.xcassets */,
			);
			path = "Preview Content";
			sourceTree = "<group>";
		};
/* End PBXGroup section */

/* Begin PBXNativeTarget section */
		3293A1DC26249B1F004DABDE /* remindersApp */ = {
			isa = PBXNativeTarget;
			buildConfigurationList = 3293A1F126249B1F004DABDE /* Build configuration list for PBXNativeTarget "remindersApp" */;
			buildPhases = (
				3293A1D926249B1F004DABDE /* Sources */,
				3293A1DA26249B1F004DABDE /* Frameworks */,
				3293A1DB26249B1F004DABDE /* Resources */,
			);
			buildRules = (
			);
			dependencies = (
			);
			name = remindersApp;
			packageProductDependencies = (
				6C278436262758D800CDA601 /* SnapKit */,
			);
			productName = remindersApp;
			productReference = 3293A1DD26249B1F004DABDE /* remindersApp.app */;
			productType = "com.apple.product-type.application";
		};
/* End PBXNativeTarget section */

/* Begin PBXProject section */
		3293A1D526249B1F004DABDE /* Project object */ = {
			isa = PBXProject;
			attributes = {
				LastSwiftUpdateCheck = 1240;
				LastUpgradeCheck = 1240;
				TargetAttributes = {
					3293A1DC26249B1F004DABDE = {
						CreatedOnToolsVersion = 12.4;
					};
				};
			};
			buildConfigurationList = 3293A1D826249B1F004DABDE /* Build configuration list for PBXProject "remindersApp" */;
			compatibilityVersion = "Xcode 9.3";
			developmentRegion = en;
			hasScannedForEncodings = 0;
			knownRegions = (
				en,
				Base,
			);
			mainGroup = 3293A1D426249B1F004DABDE;
			packageReferences = (
				6C278435262758D800CDA601 /* XCRemoteSwiftPackageReference "SnapKit" */,
			);
			productRefGroup = 3293A1DE26249B1F004DABDE /* Products */;
			projectDirPath = "";
			projectRoot = "";
			targets = (
				3293A1DC26249B1F004DABDE /* remindersApp */,
			);
		};
/* End PBXProject section */

/* Begin PBXResourcesBuildPhase section */
		3293A1DB26249B1F004DABDE /* Resources */ = {
			isa = PBXResourcesBuildPhase;
			buildActionMask = 2147483647;
			files = (
				3293A1ED26249B1F004DABDE /* LaunchScreen.storyboard in Resources */,
				3293A1EA26249B1F004DABDE /* Preview Assets.xcassets in Resources */,
				3293A1E726249B1F004DABDE /* Assets.xcassets in Resources */,
			);
			runOnlyForDeploymentPostprocessing = 0;
		};
/* End PBXResourcesBuildPhase section */

/* Begin PBXSourcesBuildPhase section */
		3293A1D926249B1F004DABDE /* Sources */ = {
			isa = PBXSourcesBuildPhase;
			buildActionMask = 2147483647;
			files = (
				3293A1F726249B36004DABDE /* MainViewController.swift in Sources */,
				323310D62624AA43005BA3C2 /* ReminderTypeCell.swift in Sources */,
				322F77782625F1CB0050853A /* MyListsCell.swift in Sources */,
				3293A1E126249B1F004DABDE /* AppDelegate.swift in Sources */,
				3293A1E326249B1F004DABDE /* SceneDelegate.swift in Sources */,
			);
			runOnlyForDeploymentPostprocessing = 0;
		};
/* End PBXSourcesBuildPhase section */

/* Begin PBXVariantGroup section */
		3293A1EB26249B1F004DABDE /* LaunchScreen.storyboard */ = {
			isa = PBXVariantGroup;
			children = (
				3293A1EC26249B1F004DABDE /* Base */,
			);
			name = LaunchScreen.storyboard;
			sourceTree = "<group>";
		};
/* End PBXVariantGroup section */

/* Begin XCBuildConfiguration section */
		3293A1EF26249B1F004DABDE /* Debug */ = {
			isa = XCBuildConfiguration;
			buildSettings = {
				ALWAYS_SEARCH_USER_PATHS = NO;
				CLANG_ANALYZER_NONNULL = YES;
				CLANG_ANALYZER_NUMBER_OBJECT_CONVERSION = YES_AGGRESSIVE;
				CLANG_CXX_LANGUAGE_STANDARD = "gnu++14";
				CLANG_CXX_LIBRARY = "libc++";
				CLANG_ENABLE_MODULES = YES;
				CLANG_ENABLE_OBJC_ARC = YES;
				CLANG_ENABLE_OBJC_WEAK = YES;
				CLANG_WARN_BLOCK_CAPTURE_AUTORELEASING = YES;
				CLANG_WARN_BOOL_CONVERSION = YES;
				CLANG_WARN_COMMA = YES;
				CLANG_WARN_CONSTANT_CONVERSION = YES;
				CLANG_WARN_DEPRECATED_OBJC_IMPLEMENTATIONS = YES;
				CLANG_WARN_DIRECT_OBJC_ISA_USAGE = YES_ERROR;
				CLANG_WARN_DOCUMENTATION_COMMENTS = YES;
				CLANG_WARN_EMPTY_BODY = YES;
				CLANG_WARN_ENUM_CONVERSION = YES;
				CLANG_WARN_INFINITE_RECURSION = YES;
				CLANG_WARN_INT_CONVERSION = YES;
				CLANG_WARN_NON_LITERAL_NULL_CONVERSION = YES;
				CLANG_WARN_OBJC_IMPLICIT_RETAIN_SELF = YES;
				CLANG_WARN_OBJC_LITERAL_CONVERSION = YES;
				CLANG_WARN_OBJC_ROOT_CLASS = YES_ERROR;
				CLANG_WARN_QUOTED_INCLUDE_IN_FRAMEWORK_HEADER = YES;
				CLANG_WARN_RANGE_LOOP_ANALYSIS = YES;
				CLANG_WARN_STRICT_PROTOTYPES = YES;
				CLANG_WARN_SUSPICIOUS_MOVE = YES;
				CLANG_WARN_UNGUARDED_AVAILABILITY = YES_AGGRESSIVE;
				CLANG_WARN_UNREACHABLE_CODE = YES;
				CLANG_WARN__DUPLICATE_METHOD_MATCH = YES;
				COPY_PHASE_STRIP = NO;
				DEBUG_INFORMATION_FORMAT = dwarf;
				ENABLE_STRICT_OBJC_MSGSEND = YES;
				ENABLE_TESTABILITY = YES;
				GCC_C_LANGUAGE_STANDARD = gnu11;
				GCC_DYNAMIC_NO_PIC = NO;
				GCC_NO_COMMON_BLOCKS = YES;
				GCC_OPTIMIZATION_LEVEL = 0;
				GCC_PREPROCESSOR_DEFINITIONS = (
					"DEBUG=1",
					"$(inherited)",
				);
				GCC_WARN_64_TO_32_BIT_CONVERSION = YES;
				GCC_WARN_ABOUT_RETURN_TYPE = YES_ERROR;
				GCC_WARN_UNDECLARED_SELECTOR = YES;
				GCC_WARN_UNINITIALIZED_AUTOS = YES_AGGRESSIVE;
				GCC_WARN_UNUSED_FUNCTION = YES;
				GCC_WARN_UNUSED_VARIABLE = YES;
				IPHONEOS_DEPLOYMENT_TARGET = 14.4;
				MTL_ENABLE_DEBUG_INFO = INCLUDE_SOURCE;
				MTL_FAST_MATH = YES;
				ONLY_ACTIVE_ARCH = YES;
				SDKROOT = iphoneos;
				SWIFT_ACTIVE_COMPILATION_CONDITIONS = DEBUG;
				SWIFT_OPTIMIZATION_LEVEL = "-Onone";
			};
			name = Debug;
		};
		3293A1F026249B1F004DABDE /* Release */ = {
			isa = XCBuildConfiguration;
			buildSettings = {
				ALWAYS_SEARCH_USER_PATHS = NO;
				CLANG_ANALYZER_NONNULL = YES;
				CLANG_ANALYZER_NUMBER_OBJECT_CONVERSION = YES_AGGRESSIVE;
				CLANG_CXX_LANGUAGE_STANDARD = "gnu++14";
				CLANG_CXX_LIBRARY = "libc++";
				CLANG_ENABLE_MODULES = YES;
				CLANG_ENABLE_OBJC_ARC = YES;
				CLANG_ENABLE_OBJC_WEAK = YES;
				CLANG_WARN_BLOCK_CAPTURE_AUTORELEASING = YES;
				CLANG_WARN_BOOL_CONVERSION = YES;
				CLANG_WARN_COMMA = YES;
				CLANG_WARN_CONSTANT_CONVERSION = YES;
				CLANG_WARN_DEPRECATED_OBJC_IMPLEMENTATIONS = YES;
				CLANG_WARN_DIRECT_OBJC_ISA_USAGE = YES_ERROR;
				CLANG_WARN_DOCUMENTATION_COMMENTS = YES;
				CLANG_WARN_EMPTY_BODY = YES;
				CLANG_WARN_ENUM_CONVERSION = YES;
				CLANG_WARN_INFINITE_RECURSION = YES;
				CLANG_WARN_INT_CONVERSION = YES;
				CLANG_WARN_NON_LITERAL_NULL_CONVERSION = YES;
				CLANG_WARN_OBJC_IMPLICIT_RETAIN_SELF = YES;
				CLANG_WARN_OBJC_LITERAL_CONVERSION = YES;
				CLANG_WARN_OBJC_ROOT_CLASS = YES_ERROR;
				CLANG_WARN_QUOTED_INCLUDE_IN_FRAMEWORK_HEADER = YES;
				CLANG_WARN_RANGE_LOOP_ANALYSIS = YES;
				CLANG_WARN_STRICT_PROTOTYPES = YES;
				CLANG_WARN_SUSPICIOUS_MOVE = YES;
				CLANG_WARN_UNGUARDED_AVAILABILITY = YES_AGGRESSIVE;
				CLANG_WARN_UNREACHABLE_CODE = YES;
				CLANG_WARN__DUPLICATE_METHOD_MATCH = YES;
				COPY_PHASE_STRIP = NO;
				DEBUG_INFORMATION_FORMAT = "dwarf-with-dsym";
				ENABLE_NS_ASSERTIONS = NO;
				ENABLE_STRICT_OBJC_MSGSEND = YES;
				GCC_C_LANGUAGE_STANDARD = gnu11;
				GCC_NO_COMMON_BLOCKS = YES;
				GCC_WARN_64_TO_32_BIT_CONVERSION = YES;
				GCC_WARN_ABOUT_RETURN_TYPE = YES_ERROR;
				GCC_WARN_UNDECLARED_SELECTOR = YES;
				GCC_WARN_UNINITIALIZED_AUTOS = YES_AGGRESSIVE;
				GCC_WARN_UNUSED_FUNCTION = YES;
				GCC_WARN_UNUSED_VARIABLE = YES;
				IPHONEOS_DEPLOYMENT_TARGET = 14.4;
				MTL_ENABLE_DEBUG_INFO = NO;
				MTL_FAST_MATH = YES;
				SDKROOT = iphoneos;
				SWIFT_COMPILATION_MODE = wholemodule;
				SWIFT_OPTIMIZATION_LEVEL = "-O";
				VALIDATE_PRODUCT = YES;
			};
			name = Release;
		};
		3293A1F226249B1F004DABDE /* Debug */ = {
			isa = XCBuildConfiguration;
			buildSettings = {
				ASSETCATALOG_COMPILER_APPICON_NAME = AppIcon;
				ASSETCATALOG_COMPILER_GLOBAL_ACCENT_COLOR_NAME = AccentColor;
				CODE_SIGN_STYLE = Automatic;
				DEVELOPMENT_ASSET_PATHS = "\"remindersApp/Preview Content\"";
				DEVELOPMENT_TEAM = FA63X2Z829;
				ENABLE_PREVIEWS = YES;
				INFOPLIST_FILE = remindersApp/Info.plist;
				LD_RUNPATH_SEARCH_PATHS = (
					"$(inherited)",
					"@executable_path/Frameworks",
				);
				PRODUCT_BUNDLE_IDENTIFIER = codeacademy.remindersApp;
				PRODUCT_NAME = "$(TARGET_NAME)";
				SWIFT_VERSION = 5.0;
				TARGETED_DEVICE_FAMILY = "1,2";
			};
			name = Debug;
		};
		3293A1F326249B1F004DABDE /* Release */ = {
			isa = XCBuildConfiguration;
			buildSettings = {
				ASSETCATALOG_COMPILER_APPICON_NAME = AppIcon;
				ASSETCATALOG_COMPILER_GLOBAL_ACCENT_COLOR_NAME = AccentColor;
				CODE_SIGN_STYLE = Automatic;
				DEVELOPMENT_ASSET_PATHS = "\"remindersApp/Preview Content\"";
				DEVELOPMENT_TEAM = FA63X2Z829;
				ENABLE_PREVIEWS = YES;
				INFOPLIST_FILE = remindersApp/Info.plist;
				LD_RUNPATH_SEARCH_PATHS = (
					"$(inherited)",
					"@executable_path/Frameworks",
				);
				PRODUCT_BUNDLE_IDENTIFIER = codeacademy.remindersApp;
				PRODUCT_NAME = "$(TARGET_NAME)";
				SWIFT_VERSION = 5.0;
				TARGETED_DEVICE_FAMILY = "1,2";
			};
			name = Release;
		};
/* End XCBuildConfiguration section */

/* Begin XCConfigurationList section */
		3293A1D826249B1F004DABDE /* Build configuration list for PBXProject "remindersApp" */ = {
			isa = XCConfigurationList;
			buildConfigurations = (
				3293A1EF26249B1F004DABDE /* Debug */,
				3293A1F026249B1F004DABDE /* Release */,
			);
			defaultConfigurationIsVisible = 0;
			defaultConfigurationName = Release;
		};
		3293A1F126249B1F004DABDE /* Build configuration list for PBXNativeTarget "remindersApp" */ = {
			isa = XCConfigurationList;
			buildConfigurations = (
				3293A1F226249B1F004DABDE /* Debug */,
				3293A1F326249B1F004DABDE /* Release */,
			);
			defaultConfigurationIsVisible = 0;
			defaultConfigurationName = Release;
		};
/* End XCConfigurationList section */

/* Begin XCRemoteSwiftPackageReference section */
		6C278435262758D800CDA601 /* XCRemoteSwiftPackageReference "SnapKit" */ = {
			isa = XCRemoteSwiftPackageReference;
			repositoryURL = "https://github.com/SnapKit/SnapKit";
			requirement = {
				kind = upToNextMajorVersion;
				minimumVersion = 5.0.1;
			};
		};
/* End XCRemoteSwiftPackageReference section */

/* Begin XCSwiftPackageProductDependency section */
		6C278436262758D800CDA601 /* SnapKit */ = {
			isa = XCSwiftPackageProductDependency;
			package = 6C278435262758D800CDA601 /* XCRemoteSwiftPackageReference "SnapKit" */;
			productName = SnapKit;
		};
/* End XCSwiftPackageProductDependency section */
	};
	rootObject = 3293A1D526249B1F004DABDE /* Project object */;
}
