// !$*UTF8*$!
{
	archiveVersion = 1;
	classes = {
	};
	objectVersion = 52;
	objects = {

/* Begin PBXBuildFile section */
		322F77782625F1CB0050853A /* MyListsCell.swift in Sources */ = {isa = PBXBuildFile; fileRef = 322F77772625F1CB0050853A /* MyListsCell.swift */; };
		323310D62624AA43005BA3C2 /* ReminderTypeCell.swift in Sources */ = {isa = PBXBuildFile; fileRef = 323310D52624AA43005BA3C2 /* ReminderTypeCell.swift */; };
		3293A1E126249B1F004DABDE /* AppDelegate.swift in Sources */ = {isa = PBXBuildFile; fileRef = 3293A1E026249B1F004DABDE /* AppDelegate.swift */; };
		3293A1E326249B1F004DABDE /* SceneDelegate.swift in Sources */ = {isa = PBXBuildFile; fileRef = 3293A1E226249B1F004DABDE /* SceneDelegate.swift */; };
		3293A1E726249B1F004DABDE /* Assets.xcassets in Resources */ = {isa = PBXBuildFile; fileRef = 3293A1E626249B1F004DABDE /* Assets.xcassets */; };
		3293A1EA26249B1F004DABDE /* Preview Assets.xcassets in Resources */ = {isa = PBXBuildFile; fileRef = 3293A1E926249B1F004DABDE /* Preview Assets.xcassets */; };
		3293A1ED26249B1F004DABDE /* LaunchScreen.storyboard in Resources */ = {isa = PBXBuildFile; fileRef = 3293A1EB26249B1F004DABDE /* LaunchScreen.storyboard */; };
		3293A1F726249B36004DABDE /* MainViewController.swift in Sources */ = {isa = PBXBuildFile; fileRef = 3293A1F626249B36004DABDE /* MainViewController.swift */; };
		32E35D6026306E17004E9DC8 /* NewReminderViewController.swift in Sources */ = {isa = PBXBuildFile; fileRef = 32E35D5F26306E17004E9DC8 /* NewReminderViewController.swift */; };
		6C09A8402639B5BA00C4824D /* NewReminderDateCell.swift in Sources */ = {isa = PBXBuildFile; fileRef = 6C09A83F2639B5BA00C4824D /* NewReminderDateCell.swift */; };
		6C09A8432639BFA600C4824D /* NewReminderTextFieldCell.swift in Sources */ = {isa = PBXBuildFile; fileRef = 6C09A8422639BFA600C4824D /* NewReminderTextFieldCell.swift */; };
		6C09A8462639BFB800C4824D /* BaseTableViewCell.swift in Sources */ = {isa = PBXBuildFile; fileRef = 6C09A8452639BFB800C4824D /* BaseTableViewCell.swift */; };
		6C09A8492639C0B000C4824D /* NewReminderDetailsCell.swift in Sources */ = {isa = PBXBuildFile; fileRef = 6C09A8482639C0B000C4824D /* NewReminderDetailsCell.swift */; };
		6C09A84C2639C19000C4824D /* NewReminderListCell.swift in Sources */ = {isa = PBXBuildFile; fileRef = 6C09A84B2639C19000C4824D /* NewReminderListCell.swift */; };
		6C09A8502639C58000C4824D /* ReusableView.swift in Sources */ = {isa = PBXBuildFile; fileRef = 6C09A84F2639C58000C4824D /* ReusableView.swift */; };
		6C27843A26275A1300CDA601 /* ActionsBottomView.swift in Sources */ = {isa = PBXBuildFile; fileRef = 6C27843926275A1300CDA601 /* ActionsBottomView.swift */; };
		6C27844326275F7400CDA601 /* BaseView.swift in Sources */ = {isa = PBXBuildFile; fileRef = 6C27844226275F7400CDA601 /* BaseView.swift */; };
		6C67A672262F365500173680 /* SelfSizingTableView.swift in Sources */ = {isa = PBXBuildFile; fileRef = 6C67A671262F365500173680 /* SelfSizingTableView.swift */; };
		6CC213EB26386DA40014FF8D /* PermissionsManager.swift in Sources */ = {isa = PBXBuildFile; fileRef = 6CC213EA26386DA40014FF8D /* PermissionsManager.swift */; };
		6CC213EF2638762E0014FF8D /* UserNotificationManager.swift in Sources */ = {isa = PBXBuildFile; fileRef = 6CC213EE2638762E0014FF8D /* UserNotificationManager.swift */; };
		6CE92A54262DC6C600B6389B /* NewListViewController.swift in Sources */ = {isa = PBXBuildFile; fileRef = 6CE92A53262DC6C600B6389B /* NewListViewController.swift */; };
		6CE92A57262DC6DA00B6389B /* BaseViewController.swift in Sources */ = {isa = PBXBuildFile; fileRef = 6CE92A56262DC6DA00B6389B /* BaseViewController.swift */; };
		6CE92A5D262DC86100B6389B /* NewListCircleView.swift in Sources */ = {isa = PBXBuildFile; fileRef = 6CE92A5C262DC86100B6389B /* NewListCircleView.swift */; };
		6CE92A68262DF6C900B6389B /* ColorCircleCell.swift in Sources */ = {isa = PBXBuildFile; fileRef = 6CE92A67262DF6C900B6389B /* ColorCircleCell.swift */; };
		6CF55BA826357C11007C8739 /* SnapKit in Frameworks */ = {isa = PBXBuildFile; productRef = 6CF55BA726357C11007C8739 /* SnapKit */; };
		6CF55BAC26359B75007C8739 /* ViewControllerRepresentable.swift in Sources */ = {isa = PBXBuildFile; fileRef = 6CF55BAB26359B75007C8739 /* ViewControllerRepresentable.swift */; };
		6CF55BB126359EDD007C8739 /* ViewRepresentable.swift in Sources */ = {isa = PBXBuildFile; fileRef = 6CF55BB026359EDD007C8739 /* ViewRepresentable.swift */; };
/* End PBXBuildFile section */

/* Begin PBXFileReference section */
		322F77772625F1CB0050853A /* MyListsCell.swift */ = {isa = PBXFileReference; lastKnownFileType = sourcecode.swift; path = MyListsCell.swift; sourceTree = "<group>"; };
		323310D52624AA43005BA3C2 /* ReminderTypeCell.swift */ = {isa = PBXFileReference; lastKnownFileType = sourcecode.swift; path = ReminderTypeCell.swift; sourceTree = "<group>"; };
		3293A1DD26249B1F004DABDE /* remindersApp.app */ = {isa = PBXFileReference; explicitFileType = wrapper.application; includeInIndex = 0; path = remindersApp.app; sourceTree = BUILT_PRODUCTS_DIR; };
		3293A1E026249B1F004DABDE /* AppDelegate.swift */ = {isa = PBXFileReference; lastKnownFileType = sourcecode.swift; path = AppDelegate.swift; sourceTree = "<group>"; };
		3293A1E226249B1F004DABDE /* SceneDelegate.swift */ = {isa = PBXFileReference; lastKnownFileType = sourcecode.swift; path = SceneDelegate.swift; sourceTree = "<group>"; };
		3293A1E626249B1F004DABDE /* Assets.xcassets */ = {isa = PBXFileReference; lastKnownFileType = folder.assetcatalog; path = Assets.xcassets; sourceTree = "<group>"; };
		3293A1E926249B1F004DABDE /* Preview Assets.xcassets */ = {isa = PBXFileReference; lastKnownFileType = folder.assetcatalog; path = "Preview Assets.xcassets"; sourceTree = "<group>"; };
		3293A1EC26249B1F004DABDE /* Base */ = {isa = PBXFileReference; lastKnownFileType = file.storyboard; name = Base; path = Base.lproj/LaunchScreen.storyboard; sourceTree = "<group>"; };
		3293A1EE26249B1F004DABDE /* Info.plist */ = {isa = PBXFileReference; lastKnownFileType = text.plist.xml; path = Info.plist; sourceTree = "<group>"; };
		3293A1F626249B36004DABDE /* MainViewController.swift */ = {isa = PBXFileReference; lastKnownFileType = sourcecode.swift; path = MainViewController.swift; sourceTree = "<group>"; };
		32E35D5F26306E17004E9DC8 /* NewReminderViewController.swift */ = {isa = PBXFileReference; lastKnownFileType = sourcecode.swift; path = NewReminderViewController.swift; sourceTree = "<group>"; };
		6C09A83F2639B5BA00C4824D /* NewReminderDateCell.swift */ = {isa = PBXFileReference; lastKnownFileType = sourcecode.swift; path = NewReminderDateCell.swift; sourceTree = "<group>"; };
		6C09A8422639BFA600C4824D /* NewReminderTextFieldCell.swift */ = {isa = PBXFileReference; lastKnownFileType = sourcecode.swift; path = NewReminderTextFieldCell.swift; sourceTree = "<group>"; };
		6C09A8452639BFB800C4824D /* BaseTableViewCell.swift */ = {isa = PBXFileReference; lastKnownFileType = sourcecode.swift; path = BaseTableViewCell.swift; sourceTree = "<group>"; };
		6C09A8482639C0B000C4824D /* NewReminderDetailsCell.swift */ = {isa = PBXFileReference; lastKnownFileType = sourcecode.swift; path = NewReminderDetailsCell.swift; sourceTree = "<group>"; };
		6C09A84B2639C19000C4824D /* NewReminderListCell.swift */ = {isa = PBXFileReference; lastKnownFileType = sourcecode.swift; path = NewReminderListCell.swift; sourceTree = "<group>"; };
		6C09A84F2639C58000C4824D /* ReusableView.swift */ = {isa = PBXFileReference; lastKnownFileType = sourcecode.swift; path = ReusableView.swift; sourceTree = "<group>"; };
		6C27843926275A1300CDA601 /* ActionsBottomView.swift */ = {isa = PBXFileReference; lastKnownFileType = sourcecode.swift; path = ActionsBottomView.swift; sourceTree = "<group>"; };
		6C27844226275F7400CDA601 /* BaseView.swift */ = {isa = PBXFileReference; lastKnownFileType = sourcecode.swift; path = BaseView.swift; sourceTree = "<group>"; };
		6C67A671262F365500173680 /* SelfSizingTableView.swift */ = {isa = PBXFileReference; lastKnownFileType = sourcecode.swift; path = SelfSizingTableView.swift; sourceTree = "<group>"; };
		6CC213EA26386DA40014FF8D /* PermissionsManager.swift */ = {isa = PBXFileReference; lastKnownFileType = sourcecode.swift; path = PermissionsManager.swift; sourceTree = "<group>"; };
		6CC213EE2638762E0014FF8D /* UserNotificationManager.swift */ = {isa = PBXFileReference; lastKnownFileType = sourcecode.swift; path = UserNotificationManager.swift; sourceTree = "<group>"; };
		6CE92A53262DC6C600B6389B /* NewListViewController.swift */ = {isa = PBXFileReference; lastKnownFileType = sourcecode.swift; path = NewListViewController.swift; sourceTree = "<group>"; };
		6CE92A56262DC6DA00B6389B /* BaseViewController.swift */ = {isa = PBXFileReference; lastKnownFileType = sourcecode.swift; path = BaseViewController.swift; sourceTree = "<group>"; };
		6CE92A5C262DC86100B6389B /* NewListCircleView.swift */ = {isa = PBXFileReference; lastKnownFileType = sourcecode.swift; path = NewListCircleView.swift; sourceTree = "<group>"; };
		6CE92A67262DF6C900B6389B /* ColorCircleCell.swift */ = {isa = PBXFileReference; lastKnownFileType = sourcecode.swift; path = ColorCircleCell.swift; sourceTree = "<group>"; };
		6CF55BAB26359B75007C8739 /* ViewControllerRepresentable.swift */ = {isa = PBXFileReference; lastKnownFileType = sourcecode.swift; path = ViewControllerRepresentable.swift; sourceTree = "<group>"; };
		6CF55BB026359EDD007C8739 /* ViewRepresentable.swift */ = {isa = PBXFileReference; lastKnownFileType = sourcecode.swift; path = ViewRepresentable.swift; sourceTree = "<group>"; };
/* End PBXFileReference section */

/* Begin PBXFrameworksBuildPhase section */
		3293A1DA26249B1F004DABDE /* Frameworks */ = {
			isa = PBXFrameworksBuildPhase;
			buildActionMask = 2147483647;
			files = (
				6CF55BA826357C11007C8739 /* SnapKit in Frameworks */,
			);
			runOnlyForDeploymentPostprocessing = 0;
		};
/* End PBXFrameworksBuildPhase section */

/* Begin PBXGroup section */
		323310CF2624AA1C005BA3C2 /* UI */ = {
			isa = PBXGroup;
			children = (
				323310D52624AA43005BA3C2 /* ReminderTypeCell.swift */,
				322F77772625F1CB0050853A /* MyListsCell.swift */,
				6C27843926275A1300CDA601 /* ActionsBottomView.swift */,
			);
			path = UI;
			sourceTree = "<group>";
		};
		3293A1D426249B1F004DABDE = {
			isa = PBXGroup;
			children = (
				3293A1DF26249B1F004DABDE /* remindersApp */,
				3293A1DE26249B1F004DABDE /* Products */,
			);
			sourceTree = "<group>";
		};
		3293A1DE26249B1F004DABDE /* Products */ = {
			isa = PBXGroup;
			children = (
				3293A1DD26249B1F004DABDE /* remindersApp.app */,
			);
			name = Products;
			sourceTree = "<group>";
		};
		3293A1DF26249B1F004DABDE /* remindersApp */ = {
			isa = PBXGroup;
			children = (
				6CC213E926386D880014FF8D /* Managers */,
				32E35D5E26306DF0004E9DC8 /* NewReminder */,
				6CE92A59262DC7FA00B6389B /* NewList */,
				6CE92A52262DC69D00B6389B /* Common */,
				6CE92A51262DC68700B6389B /* Main */,
				3293A1E026249B1F004DABDE /* AppDelegate.swift */,
				3293A1E226249B1F004DABDE /* SceneDelegate.swift */,
				3293A1E626249B1F004DABDE /* Assets.xcassets */,
				3293A1EB26249B1F004DABDE /* LaunchScreen.storyboard */,
				3293A1EE26249B1F004DABDE /* Info.plist */,
				3293A1E826249B1F004DABDE /* Preview Content */,
			);
			path = remindersApp;
			sourceTree = "<group>";
		};
		3293A1E826249B1F004DABDE /* Preview Content */ = {
			isa = PBXGroup;
			children = (
				3293A1E926249B1F004DABDE /* Preview Assets.xcassets */,
			);
			path = "Preview Content";
			sourceTree = "<group>";
		};
		32E35D5E26306DF0004E9DC8 /* NewReminder */ = {
			isa = PBXGroup;
			children = (
				32E35D6326306E1A004E9DC8 /* UI */,
				32E35D5F26306E17004E9DC8 /* NewReminderViewController.swift */,
			);
			path = NewReminder;
			sourceTree = "<group>";
		};
		32E35D6326306E1A004E9DC8 /* UI */ = {
			isa = PBXGroup;
			children = (
				6C09A83F2639B5BA00C4824D /* NewReminderDateCell.swift */,
				6C09A8422639BFA600C4824D /* NewReminderTextFieldCell.swift */,
				6C09A8482639C0B000C4824D /* NewReminderDetailsCell.swift */,
				6C09A84B2639C19000C4824D /* NewReminderListCell.swift */,
			);
			path = UI;
			sourceTree = "<group>";
		};
		6CC213E926386D880014FF8D /* Managers */ = {
			isa = PBXGroup;
			children = (
				6CC213EA26386DA40014FF8D /* PermissionsManager.swift */,
				6CC213EE2638762E0014FF8D /* UserNotificationManager.swift */,
			);
			path = Managers;
			sourceTree = "<group>";
		};
		6CE92A51262DC68700B6389B /* Main */ = {
			isa = PBXGroup;
			children = (
				3293A1F626249B36004DABDE /* MainViewController.swift */,
				323310CF2624AA1C005BA3C2 /* UI */,
			);
			path = Main;
			sourceTree = "<group>";
		};
		6CE92A52262DC69D00B6389B /* Common */ = {
			isa = PBXGroup;
			children = (
				6CF55BAA26359B68007C8739 /* Development */,
				6C27844226275F7400CDA601 /* BaseView.swift */,
				6CE92A56262DC6DA00B6389B /* BaseViewController.swift */,
				6C67A671262F365500173680 /* SelfSizingTableView.swift */,
				6C09A8452639BFB800C4824D /* BaseTableViewCell.swift */,
				6C09A84F2639C58000C4824D /* ReusableView.swift */,
			);
			path = Common;
			sourceTree = "<group>";
		};
		6CE92A59262DC7FA00B6389B /* NewList */ = {
			isa = PBXGroup;
			children = (
				6CE92A5B262DC85100B6389B /* UI */,
				6CE92A53262DC6C600B6389B /* NewListViewController.swift */,
			);
			path = NewList;
			sourceTree = "<group>";
		};
		6CE92A5B262DC85100B6389B /* UI */ = {
			isa = PBXGroup;
			children = (
				6CE92A5C262DC86100B6389B /* NewListCircleView.swift */,
				6CE92A67262DF6C900B6389B /* ColorCircleCell.swift */,
			);
			path = UI;
			sourceTree = "<group>";
		};
		6CF55BAA26359B68007C8739 /* Development */ = {
			isa = PBXGroup;
			children = (
				6CF55BAB26359B75007C8739 /* ViewControllerRepresentable.swift */,
				6CF55BB026359EDD007C8739 /* ViewRepresentable.swift */,
			);
			path = Development;
			sourceTree = "<group>";
		};
/* End PBXGroup section */

/* Begin PBXNativeTarget section */
		3293A1DC26249B1F004DABDE /* remindersApp */ = {
			isa = PBXNativeTarget;
			buildConfigurationList = 3293A1F126249B1F004DABDE /* Build configuration list for PBXNativeTarget "remindersApp" */;
			buildPhases = (
				3293A1D926249B1F004DABDE /* Sources */,
				3293A1DA26249B1F004DABDE /* Frameworks */,
				3293A1DB26249B1F004DABDE /* Resources */,
			);
			buildRules = (
			);
			dependencies = (
			);
			name = remindersApp;
			packageProductDependencies = (
				6CF55BA726357C11007C8739 /* SnapKit */,
			);
			productName = remindersApp;
			productReference = 3293A1DD26249B1F004DABDE /* remindersApp.app */;
			productType = "com.apple.product-type.application";
		};
/* End PBXNativeTarget section */

/* Begin PBXProject section */
		3293A1D526249B1F004DABDE /* Project object */ = {
			isa = PBXProject;
			attributes = {
				LastSwiftUpdateCheck = 1240;
				LastUpgradeCheck = 1240;
				TargetAttributes = {
					3293A1DC26249B1F004DABDE = {
						CreatedOnToolsVersion = 12.4;
					};
				};
			};
			buildConfigurationList = 3293A1D826249B1F004DABDE /* Build configuration list for PBXProject "remindersApp" */;
			compatibilityVersion = "Xcode 9.3";
			developmentRegion = en;
			hasScannedForEncodings = 0;
			knownRegions = (
				en,
				Base,
			);
			mainGroup = 3293A1D426249B1F004DABDE;
			packageReferences = (
				6CF55BA626357C11007C8739 /* XCRemoteSwiftPackageReference "SnapKit" */,
			);
			productRefGroup = 3293A1DE26249B1F004DABDE /* Products */;
			projectDirPath = "";
			projectRoot = "";
			targets = (
				3293A1DC26249B1F004DABDE /* remindersApp */,
			);
		};
/* End PBXProject section */

/* Begin PBXResourcesBuildPhase section */
		3293A1DB26249B1F004DABDE /* Resources */ = {
			isa = PBXResourcesBuildPhase;
			buildActionMask = 2147483647;
			files = (
				3293A1ED26249B1F004DABDE /* LaunchScreen.storyboard in Resources */,
				3293A1EA26249B1F004DABDE /* Preview Assets.xcassets in Resources */,
				3293A1E726249B1F004DABDE /* Assets.xcassets in Resources */,
			);
			runOnlyForDeploymentPostprocessing = 0;
		};
/* End PBXResourcesBuildPhase section */

/* Begin PBXSourcesBuildPhase section */
		3293A1D926249B1F004DABDE /* Sources */ = {
			isa = PBXSourcesBuildPhase;
			buildActionMask = 2147483647;
			files = (
				32E35D6026306E17004E9DC8 /* NewReminderViewController.swift in Sources */,
				6C27843A26275A1300CDA601 /* ActionsBottomView.swift in Sources */,
				6C09A8432639BFA600C4824D /* NewReminderTextFieldCell.swift in Sources */,
				6C09A8462639BFB800C4824D /* BaseTableViewCell.swift in Sources */,
				6CC213EF2638762E0014FF8D /* UserNotificationManager.swift in Sources */,
				3293A1F726249B36004DABDE /* MainViewController.swift in Sources */,
				323310D62624AA43005BA3C2 /* ReminderTypeCell.swift in Sources */,
				6CE92A68262DF6C900B6389B /* ColorCircleCell.swift in Sources */,
				6CE92A5D262DC86100B6389B /* NewListCircleView.swift in Sources */,
				6C09A8502639C58000C4824D /* ReusableView.swift in Sources */,
				6CE92A54262DC6C600B6389B /* NewListViewController.swift in Sources */,
				6C09A84C2639C19000C4824D /* NewReminderListCell.swift in Sources */,
				322F77782625F1CB0050853A /* MyListsCell.swift in Sources */,
				6CF55BB126359EDD007C8739 /* ViewRepresentable.swift in Sources */,
				6CE92A57262DC6DA00B6389B /* BaseViewController.swift in Sources */,
				6C27844326275F7400CDA601 /* BaseView.swift in Sources */,
				6C09A8492639C0B000C4824D /* NewReminderDetailsCell.swift in Sources */,
				6C67A672262F365500173680 /* SelfSizingTableView.swift in Sources */,
				3293A1E126249B1F004DABDE /* AppDelegate.swift in Sources */,
				6C09A8402639B5BA00C4824D /* NewReminderDateCell.swift in Sources */,
				3293A1E326249B1F004DABDE /* SceneDelegate.swift in Sources */,
				6CC213EB26386DA40014FF8D /* PermissionsManager.swift in Sources */,
				6CF55BAC26359B75007C8739 /* ViewControllerRepresentable.swift in Sources */,
			);
			runOnlyForDeploymentPostprocessing = 0;
		};
/* End PBXSourcesBuildPhase section */

/* Begin PBXVariantGroup section */
		3293A1EB26249B1F004DABDE /* LaunchScreen.storyboard */ = {
			isa = PBXVariantGroup;
			children = (
				3293A1EC26249B1F004DABDE /* Base */,
			);
			name = LaunchScreen.storyboard;
			sourceTree = "<group>";
		};
/* End PBXVariantGroup section */

/* Begin XCBuildConfiguration section */
		3293A1EF26249B1F004DABDE /* Debug */ = {
			isa = XCBuildConfiguration;
			buildSettings = {
				ALWAYS_SEARCH_USER_PATHS = NO;
				CLANG_ANALYZER_NONNULL = YES;
				CLANG_ANALYZER_NUMBER_OBJECT_CONVERSION = YES_AGGRESSIVE;
				CLANG_CXX_LANGUAGE_STANDARD = "gnu++14";
				CLANG_CXX_LIBRARY = "libc++";
				CLANG_ENABLE_MODULES = YES;
				CLANG_ENABLE_OBJC_ARC = YES;
				CLANG_ENABLE_OBJC_WEAK = YES;
				CLANG_WARN_BLOCK_CAPTURE_AUTORELEASING = YES;
				CLANG_WARN_BOOL_CONVERSION = YES;
				CLANG_WARN_COMMA = YES;
				CLANG_WARN_CONSTANT_CONVERSION = YES;
				CLANG_WARN_DEPRECATED_OBJC_IMPLEMENTATIONS = YES;
				CLANG_WARN_DIRECT_OBJC_ISA_USAGE = YES_ERROR;
				CLANG_WARN_DOCUMENTATION_COMMENTS = YES;
				CLANG_WARN_EMPTY_BODY = YES;
				CLANG_WARN_ENUM_CONVERSION = YES;
				CLANG_WARN_INFINITE_RECURSION = YES;
				CLANG_WARN_INT_CONVERSION = YES;
				CLANG_WARN_NON_LITERAL_NULL_CONVERSION = YES;
				CLANG_WARN_OBJC_IMPLICIT_RETAIN_SELF = YES;
				CLANG_WARN_OBJC_LITERAL_CONVERSION = YES;
				CLANG_WARN_OBJC_ROOT_CLASS = YES_ERROR;
				CLANG_WARN_QUOTED_INCLUDE_IN_FRAMEWORK_HEADER = YES;
				CLANG_WARN_RANGE_LOOP_ANALYSIS = YES;
				CLANG_WARN_STRICT_PROTOTYPES = YES;
				CLANG_WARN_SUSPICIOUS_MOVE = YES;
				CLANG_WARN_UNGUARDED_AVAILABILITY = YES_AGGRESSIVE;
				CLANG_WARN_UNREACHABLE_CODE = YES;
				CLANG_WARN__DUPLICATE_METHOD_MATCH = YES;
				COPY_PHASE_STRIP = NO;
				DEBUG_INFORMATION_FORMAT = dwarf;
				ENABLE_STRICT_OBJC_MSGSEND = YES;
				ENABLE_TESTABILITY = YES;
				GCC_C_LANGUAGE_STANDARD = gnu11;
				GCC_DYNAMIC_NO_PIC = NO;
				GCC_NO_COMMON_BLOCKS = YES;
				GCC_OPTIMIZATION_LEVEL = 0;
				GCC_PREPROCESSOR_DEFINITIONS = (
					"DEBUG=1",
					"$(inherited)",
				);
				GCC_WARN_64_TO_32_BIT_CONVERSION = YES;
				GCC_WARN_ABOUT_RETURN_TYPE = YES_ERROR;
				GCC_WARN_UNDECLARED_SELECTOR = YES;
				GCC_WARN_UNINITIALIZED_AUTOS = YES_AGGRESSIVE;
				GCC_WARN_UNUSED_FUNCTION = YES;
				GCC_WARN_UNUSED_VARIABLE = YES;
				IPHONEOS_DEPLOYMENT_TARGET = 14.4;
				MTL_ENABLE_DEBUG_INFO = INCLUDE_SOURCE;
				MTL_FAST_MATH = YES;
				ONLY_ACTIVE_ARCH = YES;
				SDKROOT = iphoneos;
				SWIFT_ACTIVE_COMPILATION_CONDITIONS = DEBUG;
				SWIFT_OPTIMIZATION_LEVEL = "-Onone";
			};
			name = Debug;
		};
		3293A1F026249B1F004DABDE /* Release */ = {
			isa = XCBuildConfiguration;
			buildSettings = {
				ALWAYS_SEARCH_USER_PATHS = NO;
				CLANG_ANALYZER_NONNULL = YES;
				CLANG_ANALYZER_NUMBER_OBJECT_CONVERSION = YES_AGGRESSIVE;
				CLANG_CXX_LANGUAGE_STANDARD = "gnu++14";
				CLANG_CXX_LIBRARY = "libc++";
				CLANG_ENABLE_MODULES = YES;
				CLANG_ENABLE_OBJC_ARC = YES;
				CLANG_ENABLE_OBJC_WEAK = YES;
				CLANG_WARN_BLOCK_CAPTURE_AUTORELEASING = YES;
				CLANG_WARN_BOOL_CONVERSION = YES;
				CLANG_WARN_COMMA = YES;
				CLANG_WARN_CONSTANT_CONVERSION = YES;
				CLANG_WARN_DEPRECATED_OBJC_IMPLEMENTATIONS = YES;
				CLANG_WARN_DIRECT_OBJC_ISA_USAGE = YES_ERROR;
				CLANG_WARN_DOCUMENTATION_COMMENTS = YES;
				CLANG_WARN_EMPTY_BODY = YES;
				CLANG_WARN_ENUM_CONVERSION = YES;
				CLANG_WARN_INFINITE_RECURSION = YES;
				CLANG_WARN_INT_CONVERSION = YES;
				CLANG_WARN_NON_LITERAL_NULL_CONVERSION = YES;
				CLANG_WARN_OBJC_IMPLICIT_RETAIN_SELF = YES;
				CLANG_WARN_OBJC_LITERAL_CONVERSION = YES;
				CLANG_WARN_OBJC_ROOT_CLASS = YES_ERROR;
				CLANG_WARN_QUOTED_INCLUDE_IN_FRAMEWORK_HEADER = YES;
				CLANG_WARN_RANGE_LOOP_ANALYSIS = YES;
				CLANG_WARN_STRICT_PROTOTYPES = YES;
				CLANG_WARN_SUSPICIOUS_MOVE = YES;
				CLANG_WARN_UNGUARDED_AVAILABILITY = YES_AGGRESSIVE;
				CLANG_WARN_UNREACHABLE_CODE = YES;
				CLANG_WARN__DUPLICATE_METHOD_MATCH = YES;
				COPY_PHASE_STRIP = NO;
				DEBUG_INFORMATION_FORMAT = "dwarf-with-dsym";
				ENABLE_NS_ASSERTIONS = NO;
				ENABLE_STRICT_OBJC_MSGSEND = YES;
				GCC_C_LANGUAGE_STANDARD = gnu11;
				GCC_NO_COMMON_BLOCKS = YES;
				GCC_WARN_64_TO_32_BIT_CONVERSION = YES;
				GCC_WARN_ABOUT_RETURN_TYPE = YES_ERROR;
				GCC_WARN_UNDECLARED_SELECTOR = YES;
				GCC_WARN_UNINITIALIZED_AUTOS = YES_AGGRESSIVE;
				GCC_WARN_UNUSED_FUNCTION = YES;
				GCC_WARN_UNUSED_VARIABLE = YES;
				IPHONEOS_DEPLOYMENT_TARGET = 14.4;
				MTL_ENABLE_DEBUG_INFO = NO;
				MTL_FAST_MATH = YES;
				SDKROOT = iphoneos;
				SWIFT_COMPILATION_MODE = wholemodule;
				SWIFT_OPTIMIZATION_LEVEL = "-O";
				VALIDATE_PRODUCT = YES;
			};
			name = Release;
		};
		3293A1F226249B1F004DABDE /* Debug */ = {
			isa = XCBuildConfiguration;
			buildSettings = {
				ASSETCATALOG_COMPILER_APPICON_NAME = AppIcon;
				ASSETCATALOG_COMPILER_GLOBAL_ACCENT_COLOR_NAME = AccentColor;
				CODE_SIGN_STYLE = Automatic;
				DEVELOPMENT_ASSET_PATHS = "\"remindersApp/Preview Content\"";
				DEVELOPMENT_TEAM = L4KYCD4RPZ;
				ENABLE_PREVIEWS = YES;
				INFOPLIST_FILE = remindersApp/Info.plist;
				LD_RUNPATH_SEARCH_PATHS = (
					"$(inherited)",
					"@executable_path/Frameworks",
				);
				PRODUCT_BUNDLE_IDENTIFIER = codeacademy.remindersAppPovilas;
				PRODUCT_NAME = "$(TARGET_NAME)";
				SWIFT_VERSION = 5.0;
				TARGETED_DEVICE_FAMILY = "1,2";
			};
			name = Debug;
		};
		3293A1F326249B1F004DABDE /* Release */ = {
			isa = XCBuildConfiguration;
			buildSettings = {
				ASSETCATALOG_COMPILER_APPICON_NAME = AppIcon;
				ASSETCATALOG_COMPILER_GLOBAL_ACCENT_COLOR_NAME = AccentColor;
				CODE_SIGN_STYLE = Automatic;
				DEVELOPMENT_ASSET_PATHS = "\"remindersApp/Preview Content\"";
				DEVELOPMENT_TEAM = FA63X2Z829;
				ENABLE_PREVIEWS = YES;
				INFOPLIST_FILE = remindersApp/Info.plist;
				LD_RUNPATH_SEARCH_PATHS = (
					"$(inherited)",
					"@executable_path/Frameworks",
				);
				PRODUCT_BUNDLE_IDENTIFIER = codeacademy.remindersApp;
				PRODUCT_NAME = "$(TARGET_NAME)";
				SWIFT_VERSION = 5.0;
				TARGETED_DEVICE_FAMILY = "1,2";
			};
			name = Release;
		};
/* End XCBuildConfiguration section */

/* Begin XCConfigurationList section */
		3293A1D826249B1F004DABDE /* Build configuration list for PBXProject "remindersApp" */ = {
			isa = XCConfigurationList;
			buildConfigurations = (
				3293A1EF26249B1F004DABDE /* Debug */,
				3293A1F026249B1F004DABDE /* Release */,
			);
			defaultConfigurationIsVisible = 0;
			defaultConfigurationName = Release;
		};
		3293A1F126249B1F004DABDE /* Build configuration list for PBXNativeTarget "remindersApp" */ = {
			isa = XCConfigurationList;
			buildConfigurations = (
				3293A1F226249B1F004DABDE /* Debug */,
				3293A1F326249B1F004DABDE /* Release */,
			);
			defaultConfigurationIsVisible = 0;
			defaultConfigurationName = Release;
		};
/* End XCConfigurationList section */

/* Begin XCRemoteSwiftPackageReference section */
		6CF55BA626357C11007C8739 /* XCRemoteSwiftPackageReference "SnapKit" */ = {
			isa = XCRemoteSwiftPackageReference;
			repositoryURL = "https://github.com/SnapKit/SnapKit.git";
			requirement = {
				kind = upToNextMajorVersion;
				minimumVersion = 5.0.1;
			};
		};
/* End XCRemoteSwiftPackageReference section */

/* Begin XCSwiftPackageProductDependency section */
		6CF55BA726357C11007C8739 /* SnapKit */ = {
			isa = XCSwiftPackageProductDependency;
			package = 6CF55BA626357C11007C8739 /* XCRemoteSwiftPackageReference "SnapKit" */;
			productName = SnapKit;
		};
/* End XCSwiftPackageProductDependency section */
	};
	rootObject = 3293A1D526249B1F004DABDE /* Project object */;
}
